// !$*UTF8*$!
{
	archiveVersion = 1;
	classes = {
	};
	objectVersion = 56;
	objects = {

/* Begin PBXBuildFile section */
		9A0EA5662C5221D9005FB9C3 /* AppDelegate.swift in Sources */ = {isa = PBXBuildFile; fileRef = 9A0EA5652C5221D9005FB9C3 /* AppDelegate.swift */; };
		9A0EA5682C5221D9005FB9C3 /* SceneDelegate.swift in Sources */ = {isa = PBXBuildFile; fileRef = 9A0EA5672C5221D9005FB9C3 /* SceneDelegate.swift */; };
		9A0EA56A2C5221D9005FB9C3 /* AnimalListVC.swift in Sources */ = {isa = PBXBuildFile; fileRef = 9A0EA5692C5221D9005FB9C3 /* AnimalListVC.swift */; };
		9A0EA56F2C5221DA005FB9C3 /* Assets.xcassets in Resources */ = {isa = PBXBuildFile; fileRef = 9A0EA56E2C5221DA005FB9C3 /* Assets.xcassets */; };
		9A0EA5722C5221DA005FB9C3 /* LaunchScreen.storyboard in Resources */ = {isa = PBXBuildFile; fileRef = 9A0EA5702C5221DA005FB9C3 /* LaunchScreen.storyboard */; };
		9A0EA57D2C5221DA005FB9C3 /* AnimalAtlasTests.swift in Sources */ = {isa = PBXBuildFile; fileRef = 9A0EA57C2C5221DA005FB9C3 /* AnimalAtlasTests.swift */; };
		9A0EA5872C5221DA005FB9C3 /* AnimalAtlasUITests.swift in Sources */ = {isa = PBXBuildFile; fileRef = 9A0EA5862C5221DA005FB9C3 /* AnimalAtlasUITests.swift */; };
		9A0EA5892C5221DA005FB9C3 /* AnimalAtlasUITestsLaunchTests.swift in Sources */ = {isa = PBXBuildFile; fileRef = 9A0EA5882C5221DA005FB9C3 /* AnimalAtlasUITestsLaunchTests.swift */; };
		9A0EA59D2C522537005FB9C3 /* HttpNetwork.swift in Sources */ = {isa = PBXBuildFile; fileRef = 9A0EA59C2C522537005FB9C3 /* HttpNetwork.swift */; };
		9A0EA5A02C52255D005FB9C3 /* APIDataRequest.swift in Sources */ = {isa = PBXBuildFile; fileRef = 9A0EA59F2C52255D005FB9C3 /* APIDataRequest.swift */; };
		9A0EA5A32C522759005FB9C3 /* HttpMethod.swift in Sources */ = {isa = PBXBuildFile; fileRef = 9A0EA5A22C522759005FB9C3 /* HttpMethod.swift */; };
		9A0EA5A62C5227A6005FB9C3 /* HttpNetworkError.swift in Sources */ = {isa = PBXBuildFile; fileRef = 9A0EA5A52C5227A6005FB9C3 /* HttpNetworkError.swift */; };
		9A0EA5A92C5227ED005FB9C3 /* URLSessionService.swift in Sources */ = {isa = PBXBuildFile; fileRef = 9A0EA5A82C5227ED005FB9C3 /* URLSessionService.swift */; };
		9A0EA5AD2C522A3A005FB9C3 /* NinjaAPI.swift in Sources */ = {isa = PBXBuildFile; fileRef = 9A0EA5AC2C522A3A005FB9C3 /* NinjaAPI.swift */; };
		9A0EA5AF2C522B4D005FB9C3 /* AnimalsAPICollections.swift in Sources */ = {isa = PBXBuildFile; fileRef = 9A0EA5AE2C522B4D005FB9C3 /* AnimalsAPICollections.swift */; };
		9A0EA5B12C522DFF005FB9C3 /* AnimalResponse.swift in Sources */ = {isa = PBXBuildFile; fileRef = 9A0EA5B02C522DFF005FB9C3 /* AnimalResponse.swift */; };
		9A0EA5B42C528C46005FB9C3 /* DependencyContainer.swift in Sources */ = {isa = PBXBuildFile; fileRef = 9A0EA5B32C528C46005FB9C3 /* DependencyContainer.swift */; };
		9A0EA5B62C528E37005FB9C3 /* PexelAPI.swift in Sources */ = {isa = PBXBuildFile; fileRef = 9A0EA5B52C528E37005FB9C3 /* PexelAPI.swift */; };
		9A0EA5B82C528FAE005FB9C3 /* SearchPhotoResponse.swift in Sources */ = {isa = PBXBuildFile; fileRef = 9A0EA5B72C528FAE005FB9C3 /* SearchPhotoResponse.swift */; };
		9A0EA5BA2C5290F1005FB9C3 /* AnimalListFactory.swift in Sources */ = {isa = PBXBuildFile; fileRef = 9A0EA5B92C5290F1005FB9C3 /* AnimalListFactory.swift */; };
		9A0EA5BC2C5290FF005FB9C3 /* AnimalListVM.swift in Sources */ = {isa = PBXBuildFile; fileRef = 9A0EA5BB2C5290FF005FB9C3 /* AnimalListVM.swift */; };
		9A0EA5BF2C52912F005FB9C3 /* AnimalListContentView.swift in Sources */ = {isa = PBXBuildFile; fileRef = 9A0EA5BE2C52912F005FB9C3 /* AnimalListContentView.swift */; };
		9A0EA5C12C529140005FB9C3 /* AnimalItemViewCell.swift in Sources */ = {isa = PBXBuildFile; fileRef = 9A0EA5C02C529140005FB9C3 /* AnimalItemViewCell.swift */; };
		9A0EA5C32C533433005FB9C3 /* AnimalPhotoViewCell.swift in Sources */ = {isa = PBXBuildFile; fileRef = 9A0EA5C22C533433005FB9C3 /* AnimalPhotoViewCell.swift */; };
		9A0EA5C92C54F63F005FB9C3 /* DataPersistence.swift in Sources */ = {isa = PBXBuildFile; fileRef = 9A0EA5C82C54F63F005FB9C3 /* DataPersistence.swift */; };
		9A0EA5CE2C54F6CE005FB9C3 /* DataPersistenceError.swift in Sources */ = {isa = PBXBuildFile; fileRef = 9A0EA5CD2C54F6CE005FB9C3 /* DataPersistenceError.swift */; };
		9A0EA5D12C54F70F005FB9C3 /* AnimalAtlasCoreDataModel.xcdatamodeld in Sources */ = {isa = PBXBuildFile; fileRef = 9A0EA5CF2C54F70F005FB9C3 /* AnimalAtlasCoreDataModel.xcdatamodeld */; };
		9A0EA5D62C552C83005FB9C3 /* FavoriteAnimalPhoto.swift in Sources */ = {isa = PBXBuildFile; fileRef = 9A0EA5D52C552C83005FB9C3 /* FavoriteAnimalPhoto.swift */; };
		9A0EA5DB2C554C32005FB9C3 /* FavoriteAnimalFactory.swift in Sources */ = {isa = PBXBuildFile; fileRef = 9A0EA5DA2C554C32005FB9C3 /* FavoriteAnimalFactory.swift */; };
		9A0EA5DD2C554C3D005FB9C3 /* AnimalGroupFactory.swift in Sources */ = {isa = PBXBuildFile; fileRef = 9A0EA5DC2C554C3D005FB9C3 /* AnimalGroupFactory.swift */; };
		9A0EA5DF2C554C58005FB9C3 /* FavoriteAnimalVC.swift in Sources */ = {isa = PBXBuildFile; fileRef = 9A0EA5DE2C554C58005FB9C3 /* FavoriteAnimalVC.swift */; };
		9A0EA5E12C554C5F005FB9C3 /* FavoriteAnimalVM.swift in Sources */ = {isa = PBXBuildFile; fileRef = 9A0EA5E02C554C5F005FB9C3 /* FavoriteAnimalVM.swift */; };
		9A0EA5E32C554CCE005FB9C3 /* FavoriteAnimalContentView.swift in Sources */ = {isa = PBXBuildFile; fileRef = 9A0EA5E22C554CCE005FB9C3 /* FavoriteAnimalContentView.swift */; };
		9A0EA6B42C5560BA005FB9C3 /* AnimalGroupVC.swift in Sources */ = {isa = PBXBuildFile; fileRef = 9A0EA6B32C5560BA005FB9C3 /* AnimalGroupVC.swift */; };
		9A0EA6B62C5560C2005FB9C3 /* AnimalGroupVM.swift in Sources */ = {isa = PBXBuildFile; fileRef = 9A0EA6B52C5560C2005FB9C3 /* AnimalGroupVM.swift */; };
		9A0EA6B82C55611B005FB9C3 /* AnimalGroupContentView.swift in Sources */ = {isa = PBXBuildFile; fileRef = 9A0EA6B72C55611B005FB9C3 /* AnimalGroupContentView.swift */; };
		9A0EA6BC2C55D60F005FB9C3 /* AnimalGroup.swift in Sources */ = {isa = PBXBuildFile; fileRef = 9A0EA6BB2C55D60F005FB9C3 /* AnimalGroup.swift */; };
		9A0EA6BE2C55DB2D005FB9C3 /* AnimalPhotoTableViewCell.swift in Sources */ = {isa = PBXBuildFile; fileRef = 9A0EA6BD2C55DB2D005FB9C3 /* AnimalPhotoTableViewCell.swift */; };
		9A0EA6C92C5612D1005FB9C3 /* StorageType.swift in Sources */ = {isa = PBXBuildFile; fileRef = 9A0EA6C82C5612D1005FB9C3 /* StorageType.swift */; };
		9A0EA6CC2C56130B005FB9C3 /* CoreDataStack.swift in Sources */ = {isa = PBXBuildFile; fileRef = 9A0EA6CB2C56130B005FB9C3 /* CoreDataStack.swift */; };
		9A0EA6CE2C561391005FB9C3 /* FavoriteAnimalPersistenceService.swift in Sources */ = {isa = PBXBuildFile; fileRef = 9A0EA6CD2C561391005FB9C3 /* FavoriteAnimalPersistenceService.swift */; };
		9A0EA6D02C562809005FB9C3 /* StaggeredCollectionViewCell.swift in Sources */ = {isa = PBXBuildFile; fileRef = 9A0EA6CF2C562808005FB9C3 /* StaggeredCollectionViewCell.swift */; };
		9A0EA6D32C5718AF005FB9C3 /* ImageLoaderService.swift in Sources */ = {isa = PBXBuildFile; fileRef = 9A0EA6D22C5718AF005FB9C3 /* ImageLoaderService.swift */; };
		9A0EA6D52C571972005FB9C3 /* DataCodable.swift in Sources */ = {isa = PBXBuildFile; fileRef = 9A0EA6D42C571972005FB9C3 /* DataCodable.swift */; };
		9A0EA6D72C571E55005FB9C3 /* ImageAPI.swift in Sources */ = {isa = PBXBuildFile; fileRef = 9A0EA6D62C571E55005FB9C3 /* ImageAPI.swift */; };
/* End PBXBuildFile section */

/* Begin PBXContainerItemProxy section */
		9A0EA5792C5221DA005FB9C3 /* PBXContainerItemProxy */ = {
			isa = PBXContainerItemProxy;
			containerPortal = 9A0EA55A2C5221D9005FB9C3 /* Project object */;
			proxyType = 1;
			remoteGlobalIDString = 9A0EA5612C5221D9005FB9C3;
			remoteInfo = AnimalAtlas;
		};
		9A0EA5832C5221DA005FB9C3 /* PBXContainerItemProxy */ = {
			isa = PBXContainerItemProxy;
			containerPortal = 9A0EA55A2C5221D9005FB9C3 /* Project object */;
			proxyType = 1;
			remoteGlobalIDString = 9A0EA5612C5221D9005FB9C3;
			remoteInfo = AnimalAtlas;
		};
/* End PBXContainerItemProxy section */

/* Begin PBXFileReference section */
		9A0EA5622C5221D9005FB9C3 /* AnimalAtlas.app */ = {isa = PBXFileReference; explicitFileType = wrapper.application; includeInIndex = 0; path = AnimalAtlas.app; sourceTree = BUILT_PRODUCTS_DIR; };
		9A0EA5652C5221D9005FB9C3 /* AppDelegate.swift */ = {isa = PBXFileReference; lastKnownFileType = sourcecode.swift; path = AppDelegate.swift; sourceTree = "<group>"; };
		9A0EA5672C5221D9005FB9C3 /* SceneDelegate.swift */ = {isa = PBXFileReference; lastKnownFileType = sourcecode.swift; path = SceneDelegate.swift; sourceTree = "<group>"; };
		9A0EA5692C5221D9005FB9C3 /* AnimalListVC.swift */ = {isa = PBXFileReference; lastKnownFileType = sourcecode.swift; path = AnimalListVC.swift; sourceTree = "<group>"; };
		9A0EA56E2C5221DA005FB9C3 /* Assets.xcassets */ = {isa = PBXFileReference; lastKnownFileType = folder.assetcatalog; path = Assets.xcassets; sourceTree = "<group>"; };
		9A0EA5712C5221DA005FB9C3 /* Base */ = {isa = PBXFileReference; lastKnownFileType = file.storyboard; name = Base; path = Base.lproj/LaunchScreen.storyboard; sourceTree = "<group>"; };
		9A0EA5732C5221DA005FB9C3 /* Info.plist */ = {isa = PBXFileReference; lastKnownFileType = text.plist.xml; path = Info.plist; sourceTree = "<group>"; };
		9A0EA5782C5221DA005FB9C3 /* AnimalAtlasTests.xctest */ = {isa = PBXFileReference; explicitFileType = wrapper.cfbundle; includeInIndex = 0; path = AnimalAtlasTests.xctest; sourceTree = BUILT_PRODUCTS_DIR; };
		9A0EA57C2C5221DA005FB9C3 /* AnimalAtlasTests.swift */ = {isa = PBXFileReference; lastKnownFileType = sourcecode.swift; path = AnimalAtlasTests.swift; sourceTree = "<group>"; };
		9A0EA5822C5221DA005FB9C3 /* AnimalAtlasUITests.xctest */ = {isa = PBXFileReference; explicitFileType = wrapper.cfbundle; includeInIndex = 0; path = AnimalAtlasUITests.xctest; sourceTree = BUILT_PRODUCTS_DIR; };
		9A0EA5862C5221DA005FB9C3 /* AnimalAtlasUITests.swift */ = {isa = PBXFileReference; lastKnownFileType = sourcecode.swift; path = AnimalAtlasUITests.swift; sourceTree = "<group>"; };
		9A0EA5882C5221DA005FB9C3 /* AnimalAtlasUITestsLaunchTests.swift */ = {isa = PBXFileReference; lastKnownFileType = sourcecode.swift; path = AnimalAtlasUITestsLaunchTests.swift; sourceTree = "<group>"; };
		9A0EA59C2C522537005FB9C3 /* HttpNetwork.swift */ = {isa = PBXFileReference; lastKnownFileType = sourcecode.swift; path = HttpNetwork.swift; sourceTree = "<group>"; };
		9A0EA59F2C52255D005FB9C3 /* APIDataRequest.swift */ = {isa = PBXFileReference; lastKnownFileType = sourcecode.swift; path = APIDataRequest.swift; sourceTree = "<group>"; };
		9A0EA5A22C522759005FB9C3 /* HttpMethod.swift */ = {isa = PBXFileReference; lastKnownFileType = sourcecode.swift; path = HttpMethod.swift; sourceTree = "<group>"; };
		9A0EA5A52C5227A6005FB9C3 /* HttpNetworkError.swift */ = {isa = PBXFileReference; lastKnownFileType = sourcecode.swift; path = HttpNetworkError.swift; sourceTree = "<group>"; };
		9A0EA5A82C5227ED005FB9C3 /* URLSessionService.swift */ = {isa = PBXFileReference; lastKnownFileType = sourcecode.swift; path = URLSessionService.swift; sourceTree = "<group>"; };
		9A0EA5AC2C522A3A005FB9C3 /* NinjaAPI.swift */ = {isa = PBXFileReference; lastKnownFileType = sourcecode.swift; path = NinjaAPI.swift; sourceTree = "<group>"; };
		9A0EA5AE2C522B4D005FB9C3 /* AnimalsAPICollections.swift */ = {isa = PBXFileReference; lastKnownFileType = sourcecode.swift; path = AnimalsAPICollections.swift; sourceTree = "<group>"; };
		9A0EA5B02C522DFF005FB9C3 /* AnimalResponse.swift */ = {isa = PBXFileReference; lastKnownFileType = sourcecode.swift; path = AnimalResponse.swift; sourceTree = "<group>"; };
		9A0EA5B32C528C46005FB9C3 /* DependencyContainer.swift */ = {isa = PBXFileReference; lastKnownFileType = sourcecode.swift; path = DependencyContainer.swift; sourceTree = "<group>"; };
		9A0EA5B52C528E37005FB9C3 /* PexelAPI.swift */ = {isa = PBXFileReference; lastKnownFileType = sourcecode.swift; path = PexelAPI.swift; sourceTree = "<group>"; };
		9A0EA5B72C528FAE005FB9C3 /* SearchPhotoResponse.swift */ = {isa = PBXFileReference; lastKnownFileType = sourcecode.swift; path = SearchPhotoResponse.swift; sourceTree = "<group>"; };
		9A0EA5B92C5290F1005FB9C3 /* AnimalListFactory.swift */ = {isa = PBXFileReference; lastKnownFileType = sourcecode.swift; path = AnimalListFactory.swift; sourceTree = "<group>"; };
		9A0EA5BB2C5290FF005FB9C3 /* AnimalListVM.swift */ = {isa = PBXFileReference; lastKnownFileType = sourcecode.swift; path = AnimalListVM.swift; sourceTree = "<group>"; };
		9A0EA5BE2C52912F005FB9C3 /* AnimalListContentView.swift */ = {isa = PBXFileReference; lastKnownFileType = sourcecode.swift; path = AnimalListContentView.swift; sourceTree = "<group>"; };
		9A0EA5C02C529140005FB9C3 /* AnimalItemViewCell.swift */ = {isa = PBXFileReference; lastKnownFileType = sourcecode.swift; path = AnimalItemViewCell.swift; sourceTree = "<group>"; };
		9A0EA5C22C533433005FB9C3 /* AnimalPhotoViewCell.swift */ = {isa = PBXFileReference; lastKnownFileType = sourcecode.swift; path = AnimalPhotoViewCell.swift; sourceTree = "<group>"; };
		9A0EA5C82C54F63F005FB9C3 /* DataPersistence.swift */ = {isa = PBXFileReference; lastKnownFileType = sourcecode.swift; path = DataPersistence.swift; sourceTree = "<group>"; };
		9A0EA5CD2C54F6CE005FB9C3 /* DataPersistenceError.swift */ = {isa = PBXFileReference; lastKnownFileType = sourcecode.swift; path = DataPersistenceError.swift; sourceTree = "<group>"; };
		9A0EA5D02C54F70F005FB9C3 /* CoreDataModel.xcdatamodel */ = {isa = PBXFileReference; lastKnownFileType = wrapper.xcdatamodel; path = CoreDataModel.xcdatamodel; sourceTree = "<group>"; };
		9A0EA5D52C552C83005FB9C3 /* FavoriteAnimalPhoto.swift */ = {isa = PBXFileReference; lastKnownFileType = sourcecode.swift; path = FavoriteAnimalPhoto.swift; sourceTree = "<group>"; };
		9A0EA5DA2C554C32005FB9C3 /* FavoriteAnimalFactory.swift */ = {isa = PBXFileReference; lastKnownFileType = sourcecode.swift; path = FavoriteAnimalFactory.swift; sourceTree = "<group>"; };
		9A0EA5DC2C554C3D005FB9C3 /* AnimalGroupFactory.swift */ = {isa = PBXFileReference; lastKnownFileType = sourcecode.swift; path = AnimalGroupFactory.swift; sourceTree = "<group>"; };
		9A0EA5DE2C554C58005FB9C3 /* FavoriteAnimalVC.swift */ = {isa = PBXFileReference; lastKnownFileType = sourcecode.swift; path = FavoriteAnimalVC.swift; sourceTree = "<group>"; };
		9A0EA5E02C554C5F005FB9C3 /* FavoriteAnimalVM.swift */ = {isa = PBXFileReference; lastKnownFileType = sourcecode.swift; path = FavoriteAnimalVM.swift; sourceTree = "<group>"; };
		9A0EA5E22C554CCE005FB9C3 /* FavoriteAnimalContentView.swift */ = {isa = PBXFileReference; lastKnownFileType = sourcecode.swift; path = FavoriteAnimalContentView.swift; sourceTree = "<group>"; };
		9A0EA6B32C5560BA005FB9C3 /* AnimalGroupVC.swift */ = {isa = PBXFileReference; lastKnownFileType = sourcecode.swift; path = AnimalGroupVC.swift; sourceTree = "<group>"; };
		9A0EA6B52C5560C2005FB9C3 /* AnimalGroupVM.swift */ = {isa = PBXFileReference; lastKnownFileType = sourcecode.swift; path = AnimalGroupVM.swift; sourceTree = "<group>"; };
		9A0EA6B72C55611B005FB9C3 /* AnimalGroupContentView.swift */ = {isa = PBXFileReference; lastKnownFileType = sourcecode.swift; path = AnimalGroupContentView.swift; sourceTree = "<group>"; };
		9A0EA6BB2C55D60F005FB9C3 /* AnimalGroup.swift */ = {isa = PBXFileReference; lastKnownFileType = sourcecode.swift; path = AnimalGroup.swift; sourceTree = "<group>"; };
		9A0EA6BD2C55DB2D005FB9C3 /* AnimalPhotoTableViewCell.swift */ = {isa = PBXFileReference; lastKnownFileType = sourcecode.swift; path = AnimalPhotoTableViewCell.swift; sourceTree = "<group>"; };
		9A0EA6C82C5612D1005FB9C3 /* StorageType.swift */ = {isa = PBXFileReference; lastKnownFileType = sourcecode.swift; path = StorageType.swift; sourceTree = "<group>"; };
		9A0EA6CB2C56130B005FB9C3 /* CoreDataStack.swift */ = {isa = PBXFileReference; lastKnownFileType = sourcecode.swift; path = CoreDataStack.swift; sourceTree = "<group>"; };
		9A0EA6CD2C561391005FB9C3 /* FavoriteAnimalPersistenceService.swift */ = {isa = PBXFileReference; lastKnownFileType = sourcecode.swift; path = FavoriteAnimalPersistenceService.swift; sourceTree = "<group>"; };
		9A0EA6CF2C562808005FB9C3 /* StaggeredCollectionViewCell.swift */ = {isa = PBXFileReference; lastKnownFileType = sourcecode.swift; path = StaggeredCollectionViewCell.swift; sourceTree = "<group>"; };
		9A0EA6D22C5718AF005FB9C3 /* ImageLoaderService.swift */ = {isa = PBXFileReference; lastKnownFileType = sourcecode.swift; path = ImageLoaderService.swift; sourceTree = "<group>"; };
		9A0EA6D42C571972005FB9C3 /* DataCodable.swift */ = {isa = PBXFileReference; lastKnownFileType = sourcecode.swift; path = DataCodable.swift; sourceTree = "<group>"; };
		9A0EA6D62C571E55005FB9C3 /* ImageAPI.swift */ = {isa = PBXFileReference; lastKnownFileType = sourcecode.swift; path = ImageAPI.swift; sourceTree = "<group>"; };
/* End PBXFileReference section */

/* Begin PBXFrameworksBuildPhase section */
		9A0EA55F2C5221D9005FB9C3 /* Frameworks */ = {
			isa = PBXFrameworksBuildPhase;
			buildActionMask = 2147483647;
			files = (
			);
			runOnlyForDeploymentPostprocessing = 0;
		};
		9A0EA5752C5221DA005FB9C3 /* Frameworks */ = {
			isa = PBXFrameworksBuildPhase;
			buildActionMask = 2147483647;
			files = (
			);
			runOnlyForDeploymentPostprocessing = 0;
		};
		9A0EA57F2C5221DA005FB9C3 /* Frameworks */ = {
			isa = PBXFrameworksBuildPhase;
			buildActionMask = 2147483647;
			files = (
			);
			runOnlyForDeploymentPostprocessing = 0;
		};
/* End PBXFrameworksBuildPhase section */

/* Begin PBXGroup section */
		9A0EA5592C5221D9005FB9C3 = {
			isa = PBXGroup;
			children = (
				9A0EA5642C5221D9005FB9C3 /* AnimalAtlas */,
				9A0EA57B2C5221DA005FB9C3 /* AnimalAtlasTests */,
				9A0EA5852C5221DA005FB9C3 /* AnimalAtlasUITests */,
				9A0EA5632C5221D9005FB9C3 /* Products */,
			);
			sourceTree = "<group>";
		};
		9A0EA5632C5221D9005FB9C3 /* Products */ = {
			isa = PBXGroup;
			children = (
				9A0EA5622C5221D9005FB9C3 /* AnimalAtlas.app */,
				9A0EA5782C5221DA005FB9C3 /* AnimalAtlasTests.xctest */,
				9A0EA5822C5221DA005FB9C3 /* AnimalAtlasUITests.xctest */,
			);
			name = Products;
			sourceTree = "<group>";
		};
		9A0EA5642C5221D9005FB9C3 /* AnimalAtlas */ = {
			isa = PBXGroup;
			children = (
				9A0EA5652C5221D9005FB9C3 /* AppDelegate.swift */,
				9A0EA5672C5221D9005FB9C3 /* SceneDelegate.swift */,
				9A0EA5982C522395005FB9C3 /* Features */,
				9A0EA5992C5223A8005FB9C3 /* Models */,
				9A0EA59A2C5223AE005FB9C3 /* Resources */,
				9A0EA59B2C5223B5005FB9C3 /* Services */,
				9A0EA5B22C528C24005FB9C3 /* Utils */,
			);
			path = AnimalAtlas;
			sourceTree = "<group>";
		};
		9A0EA57B2C5221DA005FB9C3 /* AnimalAtlasTests */ = {
			isa = PBXGroup;
			children = (
				9A0EA57C2C5221DA005FB9C3 /* AnimalAtlasTests.swift */,
			);
			path = AnimalAtlasTests;
			sourceTree = "<group>";
		};
		9A0EA5852C5221DA005FB9C3 /* AnimalAtlasUITests */ = {
			isa = PBXGroup;
			children = (
				9A0EA5862C5221DA005FB9C3 /* AnimalAtlasUITests.swift */,
				9A0EA5882C5221DA005FB9C3 /* AnimalAtlasUITestsLaunchTests.swift */,
			);
			path = AnimalAtlasUITests;
			sourceTree = "<group>";
		};
		9A0EA5952C5222FE005FB9C3 /* AnimalList */ = {
			isa = PBXGroup;
			children = (
				9A0EA5BD2C529106005FB9C3 /* View */,
				9A0EA5B92C5290F1005FB9C3 /* AnimalListFactory.swift */,
				9A0EA5692C5221D9005FB9C3 /* AnimalListVC.swift */,
				9A0EA5BB2C5290FF005FB9C3 /* AnimalListVM.swift */,
			);
			path = AnimalList;
			sourceTree = "<group>";
		};
		9A0EA5982C522395005FB9C3 /* Features */ = {
			isa = PBXGroup;
			children = (
				9A0EA5D92C554C20005FB9C3 /* FavoriteAnimal */,
				9A0EA5C42C54F391005FB9C3 /* AnimalGroup */,
				9A0EA5952C5222FE005FB9C3 /* AnimalList */,
			);
			path = Features;
			sourceTree = "<group>";
		};
		9A0EA5992C5223A8005FB9C3 /* Models */ = {
			isa = PBXGroup;
			children = (
				9A0EA6BB2C55D60F005FB9C3 /* AnimalGroup.swift */,
				9A0EA5B02C522DFF005FB9C3 /* AnimalResponse.swift */,
				9A0EA6D42C571972005FB9C3 /* DataCodable.swift */,
				9A0EA5D52C552C83005FB9C3 /* FavoriteAnimalPhoto.swift */,
				9A0EA5B72C528FAE005FB9C3 /* SearchPhotoResponse.swift */,
			);
			path = Models;
			sourceTree = "<group>";
		};
		9A0EA59A2C5223AE005FB9C3 /* Resources */ = {
			isa = PBXGroup;
			children = (
				9A0EA5732C5221DA005FB9C3 /* Info.plist */,
				9A0EA56E2C5221DA005FB9C3 /* Assets.xcassets */,
				9A0EA5702C5221DA005FB9C3 /* LaunchScreen.storyboard */,
			);
			path = Resources;
			sourceTree = "<group>";
		};
		9A0EA59B2C5223B5005FB9C3 /* Services */ = {
			isa = PBXGroup;
			children = (
				9A0EA5C62C54F601005FB9C3 /* PersistenceService */,
				9A0EA59E2C52253C005FB9C3 /* NetworkService */,
			);
			path = Services;
			sourceTree = "<group>";
		};
		9A0EA59E2C52253C005FB9C3 /* NetworkService */ = {
			isa = PBXGroup;
			children = (
				9A0EA5AA2C5228C0005FB9C3 /* APICollections */,
				9A0EA5A42C522791005FB9C3 /* Config */,
				9A0EA6D12C57189B005FB9C3 /* ImageLoaderService */,
				9A0EA5A72C5227E3005FB9C3 /* URLSessionService */,
			);
			path = NetworkService;
			sourceTree = "<group>";
		};
		9A0EA5A42C522791005FB9C3 /* Config */ = {
			isa = PBXGroup;
			children = (
				9A0EA59F2C52255D005FB9C3 /* APIDataRequest.swift */,
				9A0EA5A22C522759005FB9C3 /* HttpMethod.swift */,
				9A0EA59C2C522537005FB9C3 /* HttpNetwork.swift */,
				9A0EA5A52C5227A6005FB9C3 /* HttpNetworkError.swift */,
			);
			path = Config;
			sourceTree = "<group>";
		};
		9A0EA5A72C5227E3005FB9C3 /* URLSessionService */ = {
			isa = PBXGroup;
			children = (
				9A0EA5A82C5227ED005FB9C3 /* URLSessionService.swift */,
			);
			path = URLSessionService;
			sourceTree = "<group>";
		};
		9A0EA5AA2C5228C0005FB9C3 /* APICollections */ = {
			isa = PBXGroup;
			children = (
				9A0EA5AE2C522B4D005FB9C3 /* AnimalsAPICollections.swift */,
				9A0EA6D62C571E55005FB9C3 /* ImageAPI.swift */,
				9A0EA5AC2C522A3A005FB9C3 /* NinjaAPI.swift */,
				9A0EA5B52C528E37005FB9C3 /* PexelAPI.swift */,
			);
			path = APICollections;
			sourceTree = "<group>";
		};
		9A0EA5B22C528C24005FB9C3 /* Utils */ = {
			isa = PBXGroup;
			children = (
				9A0EA5B32C528C46005FB9C3 /* DependencyContainer.swift */,
			);
			path = Utils;
			sourceTree = "<group>";
		};
		9A0EA5BD2C529106005FB9C3 /* View */ = {
			isa = PBXGroup;
			children = (
				9A0EA5C02C529140005FB9C3 /* AnimalItemViewCell.swift */,
				9A0EA5BE2C52912F005FB9C3 /* AnimalListContentView.swift */,
			);
			path = View;
			sourceTree = "<group>";
		};
		9A0EA5C42C54F391005FB9C3 /* AnimalGroup */ = {
			isa = PBXGroup;
			children = (
				9A0EA5DC2C554C3D005FB9C3 /* AnimalGroupFactory.swift */,
				9A0EA6B32C5560BA005FB9C3 /* AnimalGroupVC.swift */,
				9A0EA6B52C5560C2005FB9C3 /* AnimalGroupVM.swift */,
				9A0EA5C52C54F39F005FB9C3 /* View */,
			);
			path = AnimalGroup;
			sourceTree = "<group>";
		};
		9A0EA5C52C54F39F005FB9C3 /* View */ = {
			isa = PBXGroup;
			children = (
				9A0EA6B72C55611B005FB9C3 /* AnimalGroupContentView.swift */,
				9A0EA6BD2C55DB2D005FB9C3 /* AnimalPhotoTableViewCell.swift */,
				9A0EA5C22C533433005FB9C3 /* AnimalPhotoViewCell.swift */,
			);
			path = View;
			sourceTree = "<group>";
		};
		9A0EA5C62C54F601005FB9C3 /* PersistenceService */ = {
			isa = PBXGroup;
			children = (
				9A0EA6CD2C561391005FB9C3 /* FavoriteAnimalPersistenceService.swift */,
				9A0EA5C72C54F62D005FB9C3 /* Config */,
				9A0EA6CA2C5612F8005FB9C3 /* CoreDataStack */,
			);
			path = PersistenceService;
			sourceTree = "<group>";
		};
		9A0EA5C72C54F62D005FB9C3 /* Config */ = {
			isa = PBXGroup;
			children = (
				9A0EA5C82C54F63F005FB9C3 /* DataPersistence.swift */,
				9A0EA5CD2C54F6CE005FB9C3 /* DataPersistenceError.swift */,
				9A0EA6C82C5612D1005FB9C3 /* StorageType.swift */,
			);
			path = Config;
			sourceTree = "<group>";
		};
		9A0EA5D92C554C20005FB9C3 /* FavoriteAnimal */ = {
			isa = PBXGroup;
			children = (
				9A0EA5DA2C554C32005FB9C3 /* FavoriteAnimalFactory.swift */,
				9A0EA5DE2C554C58005FB9C3 /* FavoriteAnimalVC.swift */,
				9A0EA5E02C554C5F005FB9C3 /* FavoriteAnimalVM.swift */,
				9A0EA5E42C554CD2005FB9C3 /* View */,
			);
			path = FavoriteAnimal;
			sourceTree = "<group>";
		};
		9A0EA5E42C554CD2005FB9C3 /* View */ = {
			isa = PBXGroup;
			children = (
				9A0EA5E22C554CCE005FB9C3 /* FavoriteAnimalContentView.swift */,
				9A0EA6CF2C562808005FB9C3 /* StaggeredCollectionViewCell.swift */,
			);
			path = View;
			sourceTree = "<group>";
		};
		9A0EA6CA2C5612F8005FB9C3 /* CoreDataStack */ = {
			isa = PBXGroup;
			children = (
				9A0EA5CF2C54F70F005FB9C3 /* AnimalAtlasCoreDataModel.xcdatamodeld */,
				9A0EA6CB2C56130B005FB9C3 /* CoreDataStack.swift */,
			);
			path = CoreDataStack;
			sourceTree = "<group>";
		};
		9A0EA6D12C57189B005FB9C3 /* ImageLoaderService */ = {
			isa = PBXGroup;
			children = (
				9A0EA6D22C5718AF005FB9C3 /* ImageLoaderService.swift */,
			);
			path = ImageLoaderService;
			sourceTree = "<group>";
		};
/* End PBXGroup section */

/* Begin PBXNativeTarget section */
		9A0EA5612C5221D9005FB9C3 /* AnimalAtlas */ = {
			isa = PBXNativeTarget;
			buildConfigurationList = 9A0EA58C2C5221DA005FB9C3 /* Build configuration list for PBXNativeTarget "AnimalAtlas" */;
			buildPhases = (
				9A0EA55E2C5221D9005FB9C3 /* Sources */,
				9A0EA55F2C5221D9005FB9C3 /* Frameworks */,
				9A0EA5602C5221D9005FB9C3 /* Resources */,
			);
			buildRules = (
			);
			dependencies = (
			);
			name = AnimalAtlas;
			productName = AnimalAtlas;
			productReference = 9A0EA5622C5221D9005FB9C3 /* AnimalAtlas.app */;
			productType = "com.apple.product-type.application";
		};
		9A0EA5772C5221DA005FB9C3 /* AnimalAtlasTests */ = {
			isa = PBXNativeTarget;
			buildConfigurationList = 9A0EA58F2C5221DA005FB9C3 /* Build configuration list for PBXNativeTarget "AnimalAtlasTests" */;
			buildPhases = (
				9A0EA5742C5221DA005FB9C3 /* Sources */,
				9A0EA5752C5221DA005FB9C3 /* Frameworks */,
				9A0EA5762C5221DA005FB9C3 /* Resources */,
			);
			buildRules = (
			);
			dependencies = (
				9A0EA57A2C5221DA005FB9C3 /* PBXTargetDependency */,
			);
			name = AnimalAtlasTests;
			productName = AnimalAtlasTests;
			productReference = 9A0EA5782C5221DA005FB9C3 /* AnimalAtlasTests.xctest */;
			productType = "com.apple.product-type.bundle.unit-test";
		};
		9A0EA5812C5221DA005FB9C3 /* AnimalAtlasUITests */ = {
			isa = PBXNativeTarget;
			buildConfigurationList = 9A0EA5922C5221DA005FB9C3 /* Build configuration list for PBXNativeTarget "AnimalAtlasUITests" */;
			buildPhases = (
				9A0EA57E2C5221DA005FB9C3 /* Sources */,
				9A0EA57F2C5221DA005FB9C3 /* Frameworks */,
				9A0EA5802C5221DA005FB9C3 /* Resources */,
			);
			buildRules = (
			);
			dependencies = (
				9A0EA5842C5221DA005FB9C3 /* PBXTargetDependency */,
			);
			name = AnimalAtlasUITests;
			productName = AnimalAtlasUITests;
			productReference = 9A0EA5822C5221DA005FB9C3 /* AnimalAtlasUITests.xctest */;
			productType = "com.apple.product-type.bundle.ui-testing";
		};
/* End PBXNativeTarget section */

/* Begin PBXProject section */
		9A0EA55A2C5221D9005FB9C3 /* Project object */ = {
			isa = PBXProject;
			attributes = {
				BuildIndependentTargetsInParallel = 1;
				LastSwiftUpdateCheck = 1520;
				LastUpgradeCheck = 1520;
				TargetAttributes = {
					9A0EA5612C5221D9005FB9C3 = {
						CreatedOnToolsVersion = 15.2;
					};
					9A0EA5772C5221DA005FB9C3 = {
						CreatedOnToolsVersion = 15.2;
						TestTargetID = 9A0EA5612C5221D9005FB9C3;
					};
					9A0EA5812C5221DA005FB9C3 = {
						CreatedOnToolsVersion = 15.2;
						TestTargetID = 9A0EA5612C5221D9005FB9C3;
					};
				};
			};
			buildConfigurationList = 9A0EA55D2C5221D9005FB9C3 /* Build configuration list for PBXProject "AnimalAtlas" */;
			compatibilityVersion = "Xcode 14.0";
			developmentRegion = en;
			hasScannedForEncodings = 0;
			knownRegions = (
				en,
				Base,
			);
			mainGroup = 9A0EA5592C5221D9005FB9C3;
			productRefGroup = 9A0EA5632C5221D9005FB9C3 /* Products */;
			projectDirPath = "";
			projectRoot = "";
			targets = (
				9A0EA5612C5221D9005FB9C3 /* AnimalAtlas */,
				9A0EA5772C5221DA005FB9C3 /* AnimalAtlasTests */,
				9A0EA5812C5221DA005FB9C3 /* AnimalAtlasUITests */,
			);
		};
/* End PBXProject section */

/* Begin PBXResourcesBuildPhase section */
		9A0EA5602C5221D9005FB9C3 /* Resources */ = {
			isa = PBXResourcesBuildPhase;
			buildActionMask = 2147483647;
			files = (
				9A0EA5722C5221DA005FB9C3 /* LaunchScreen.storyboard in Resources */,
				9A0EA56F2C5221DA005FB9C3 /* Assets.xcassets in Resources */,
			);
			runOnlyForDeploymentPostprocessing = 0;
		};
		9A0EA5762C5221DA005FB9C3 /* Resources */ = {
			isa = PBXResourcesBuildPhase;
			buildActionMask = 2147483647;
			files = (
			);
			runOnlyForDeploymentPostprocessing = 0;
		};
		9A0EA5802C5221DA005FB9C3 /* Resources */ = {
			isa = PBXResourcesBuildPhase;
			buildActionMask = 2147483647;
			files = (
			);
			runOnlyForDeploymentPostprocessing = 0;
		};
/* End PBXResourcesBuildPhase section */

/* Begin PBXSourcesBuildPhase section */
		9A0EA55E2C5221D9005FB9C3 /* Sources */ = {
			isa = PBXSourcesBuildPhase;
			buildActionMask = 2147483647;
			files = (
				9A0EA6BE2C55DB2D005FB9C3 /* AnimalPhotoTableViewCell.swift in Sources */,
				9A0EA6D02C562809005FB9C3 /* StaggeredCollectionViewCell.swift in Sources */,
				9A0EA56A2C5221D9005FB9C3 /* AnimalListVC.swift in Sources */,
				9A0EA5C12C529140005FB9C3 /* AnimalItemViewCell.swift in Sources */,
				9A0EA5DD2C554C3D005FB9C3 /* AnimalGroupFactory.swift in Sources */,
				9A0EA5BA2C5290F1005FB9C3 /* AnimalListFactory.swift in Sources */,
				9A0EA5C92C54F63F005FB9C3 /* DataPersistence.swift in Sources */,
				9A0EA5AD2C522A3A005FB9C3 /* NinjaAPI.swift in Sources */,
				9A0EA6D72C571E55005FB9C3 /* ImageAPI.swift in Sources */,
				9A0EA6B42C5560BA005FB9C3 /* AnimalGroupVC.swift in Sources */,
				9A0EA5A62C5227A6005FB9C3 /* HttpNetworkError.swift in Sources */,
				9A0EA5DF2C554C58005FB9C3 /* FavoriteAnimalVC.swift in Sources */,
				9A0EA5E12C554C5F005FB9C3 /* FavoriteAnimalVM.swift in Sources */,
				9A0EA5A92C5227ED005FB9C3 /* URLSessionService.swift in Sources */,
				9A0EA5B62C528E37005FB9C3 /* PexelAPI.swift in Sources */,
				9A0EA5662C5221D9005FB9C3 /* AppDelegate.swift in Sources */,
				9A0EA59D2C522537005FB9C3 /* HttpNetwork.swift in Sources */,
				9A0EA5BF2C52912F005FB9C3 /* AnimalListContentView.swift in Sources */,
				9A0EA5C32C533433005FB9C3 /* AnimalPhotoViewCell.swift in Sources */,
				9A0EA6BC2C55D60F005FB9C3 /* AnimalGroup.swift in Sources */,
				9A0EA5AF2C522B4D005FB9C3 /* AnimalsAPICollections.swift in Sources */,
				9A0EA6B62C5560C2005FB9C3 /* AnimalGroupVM.swift in Sources */,
				9A0EA6C92C5612D1005FB9C3 /* StorageType.swift in Sources */,
				9A0EA5B12C522DFF005FB9C3 /* AnimalResponse.swift in Sources */,
				9A0EA5A02C52255D005FB9C3 /* APIDataRequest.swift in Sources */,
				9A0EA5A32C522759005FB9C3 /* HttpMethod.swift in Sources */,
				9A0EA6CE2C561391005FB9C3 /* FavoriteAnimalPersistenceService.swift in Sources */,
				9A0EA5D12C54F70F005FB9C3 /* AnimalAtlasCoreDataModel.xcdatamodeld in Sources */,
				9A0EA5E32C554CCE005FB9C3 /* FavoriteAnimalContentView.swift in Sources */,
				9A0EA6CC2C56130B005FB9C3 /* CoreDataStack.swift in Sources */,
				9A0EA5B42C528C46005FB9C3 /* DependencyContainer.swift in Sources */,
				9A0EA6D32C5718AF005FB9C3 /* ImageLoaderService.swift in Sources */,
				9A0EA5682C5221D9005FB9C3 /* SceneDelegate.swift in Sources */,
				9A0EA6D52C571972005FB9C3 /* DataCodable.swift in Sources */,
				9A0EA6B82C55611B005FB9C3 /* AnimalGroupContentView.swift in Sources */,
				9A0EA5CE2C54F6CE005FB9C3 /* DataPersistenceError.swift in Sources */,
				9A0EA5DB2C554C32005FB9C3 /* FavoriteAnimalFactory.swift in Sources */,
				9A0EA5BC2C5290FF005FB9C3 /* AnimalListVM.swift in Sources */,
				9A0EA5B82C528FAE005FB9C3 /* SearchPhotoResponse.swift in Sources */,
				9A0EA5D62C552C83005FB9C3 /* FavoriteAnimalPhoto.swift in Sources */,
			);
			runOnlyForDeploymentPostprocessing = 0;
		};
		9A0EA5742C5221DA005FB9C3 /* Sources */ = {
			isa = PBXSourcesBuildPhase;
			buildActionMask = 2147483647;
			files = (
				9A0EA57D2C5221DA005FB9C3 /* AnimalAtlasTests.swift in Sources */,
			);
			runOnlyForDeploymentPostprocessing = 0;
		};
		9A0EA57E2C5221DA005FB9C3 /* Sources */ = {
			isa = PBXSourcesBuildPhase;
			buildActionMask = 2147483647;
			files = (
				9A0EA5892C5221DA005FB9C3 /* AnimalAtlasUITestsLaunchTests.swift in Sources */,
				9A0EA5872C5221DA005FB9C3 /* AnimalAtlasUITests.swift in Sources */,
			);
			runOnlyForDeploymentPostprocessing = 0;
		};
/* End PBXSourcesBuildPhase section */

/* Begin PBXTargetDependency section */
		9A0EA57A2C5221DA005FB9C3 /* PBXTargetDependency */ = {
			isa = PBXTargetDependency;
			target = 9A0EA5612C5221D9005FB9C3 /* AnimalAtlas */;
			targetProxy = 9A0EA5792C5221DA005FB9C3 /* PBXContainerItemProxy */;
		};
		9A0EA5842C5221DA005FB9C3 /* PBXTargetDependency */ = {
			isa = PBXTargetDependency;
			target = 9A0EA5612C5221D9005FB9C3 /* AnimalAtlas */;
			targetProxy = 9A0EA5832C5221DA005FB9C3 /* PBXContainerItemProxy */;
		};
/* End PBXTargetDependency section */

/* Begin PBXVariantGroup section */
		9A0EA5702C5221DA005FB9C3 /* LaunchScreen.storyboard */ = {
			isa = PBXVariantGroup;
			children = (
				9A0EA5712C5221DA005FB9C3 /* Base */,
			);
			name = LaunchScreen.storyboard;
			sourceTree = "<group>";
		};
/* End PBXVariantGroup section */

/* Begin XCBuildConfiguration section */
		9A0EA58A2C5221DA005FB9C3 /* Debug */ = {
			isa = XCBuildConfiguration;
			buildSettings = {
				ALWAYS_SEARCH_USER_PATHS = NO;
				ASSETCATALOG_COMPILER_GENERATE_SWIFT_ASSET_SYMBOL_EXTENSIONS = YES;
				CLANG_ANALYZER_NONNULL = YES;
				CLANG_ANALYZER_NUMBER_OBJECT_CONVERSION = YES_AGGRESSIVE;
				CLANG_CXX_LANGUAGE_STANDARD = "gnu++20";
				CLANG_ENABLE_MODULES = YES;
				CLANG_ENABLE_OBJC_ARC = YES;
				CLANG_ENABLE_OBJC_WEAK = YES;
				CLANG_WARN_BLOCK_CAPTURE_AUTORELEASING = YES;
				CLANG_WARN_BOOL_CONVERSION = YES;
				CLANG_WARN_COMMA = YES;
				CLANG_WARN_CONSTANT_CONVERSION = YES;
				CLANG_WARN_DEPRECATED_OBJC_IMPLEMENTATIONS = YES;
				CLANG_WARN_DIRECT_OBJC_ISA_USAGE = YES_ERROR;
				CLANG_WARN_DOCUMENTATION_COMMENTS = YES;
				CLANG_WARN_EMPTY_BODY = YES;
				CLANG_WARN_ENUM_CONVERSION = YES;
				CLANG_WARN_INFINITE_RECURSION = YES;
				CLANG_WARN_INT_CONVERSION = YES;
				CLANG_WARN_NON_LITERAL_NULL_CONVERSION = YES;
				CLANG_WARN_OBJC_IMPLICIT_RETAIN_SELF = YES;
				CLANG_WARN_OBJC_LITERAL_CONVERSION = YES;
				CLANG_WARN_OBJC_ROOT_CLASS = YES_ERROR;
				CLANG_WARN_QUOTED_INCLUDE_IN_FRAMEWORK_HEADER = YES;
				CLANG_WARN_RANGE_LOOP_ANALYSIS = YES;
				CLANG_WARN_STRICT_PROTOTYPES = YES;
				CLANG_WARN_SUSPICIOUS_MOVE = YES;
				CLANG_WARN_UNGUARDED_AVAILABILITY = YES_AGGRESSIVE;
				CLANG_WARN_UNREACHABLE_CODE = YES;
				CLANG_WARN__DUPLICATE_METHOD_MATCH = YES;
				COPY_PHASE_STRIP = NO;
				DEBUG_INFORMATION_FORMAT = dwarf;
				ENABLE_STRICT_OBJC_MSGSEND = YES;
				ENABLE_TESTABILITY = YES;
				ENABLE_USER_SCRIPT_SANDBOXING = YES;
				GCC_C_LANGUAGE_STANDARD = gnu17;
				GCC_DYNAMIC_NO_PIC = NO;
				GCC_NO_COMMON_BLOCKS = YES;
				GCC_OPTIMIZATION_LEVEL = 0;
				GCC_PREPROCESSOR_DEFINITIONS = (
					"DEBUG=1",
					"$(inherited)",
				);
				GCC_WARN_64_TO_32_BIT_CONVERSION = YES;
				GCC_WARN_ABOUT_RETURN_TYPE = YES_ERROR;
				GCC_WARN_UNDECLARED_SELECTOR = YES;
				GCC_WARN_UNINITIALIZED_AUTOS = YES_AGGRESSIVE;
				GCC_WARN_UNUSED_FUNCTION = YES;
				GCC_WARN_UNUSED_VARIABLE = YES;
				IPHONEOS_DEPLOYMENT_TARGET = 14.7;
				LOCALIZATION_PREFERS_STRING_CATALOGS = YES;
				MTL_ENABLE_DEBUG_INFO = INCLUDE_SOURCE;
				MTL_FAST_MATH = YES;
				ONLY_ACTIVE_ARCH = YES;
				SDKROOT = iphoneos;
				SWIFT_ACTIVE_COMPILATION_CONDITIONS = "DEBUG $(inherited)";
				SWIFT_OPTIMIZATION_LEVEL = "-Onone";
			};
			name = Debug;
		};
		9A0EA58B2C5221DA005FB9C3 /* Release */ = {
			isa = XCBuildConfiguration;
			buildSettings = {
				ALWAYS_SEARCH_USER_PATHS = NO;
				ASSETCATALOG_COMPILER_GENERATE_SWIFT_ASSET_SYMBOL_EXTENSIONS = YES;
				CLANG_ANALYZER_NONNULL = YES;
				CLANG_ANALYZER_NUMBER_OBJECT_CONVERSION = YES_AGGRESSIVE;
				CLANG_CXX_LANGUAGE_STANDARD = "gnu++20";
				CLANG_ENABLE_MODULES = YES;
				CLANG_ENABLE_OBJC_ARC = YES;
				CLANG_ENABLE_OBJC_WEAK = YES;
				CLANG_WARN_BLOCK_CAPTURE_AUTORELEASING = YES;
				CLANG_WARN_BOOL_CONVERSION = YES;
				CLANG_WARN_COMMA = YES;
				CLANG_WARN_CONSTANT_CONVERSION = YES;
				CLANG_WARN_DEPRECATED_OBJC_IMPLEMENTATIONS = YES;
				CLANG_WARN_DIRECT_OBJC_ISA_USAGE = YES_ERROR;
				CLANG_WARN_DOCUMENTATION_COMMENTS = YES;
				CLANG_WARN_EMPTY_BODY = YES;
				CLANG_WARN_ENUM_CONVERSION = YES;
				CLANG_WARN_INFINITE_RECURSION = YES;
				CLANG_WARN_INT_CONVERSION = YES;
				CLANG_WARN_NON_LITERAL_NULL_CONVERSION = YES;
				CLANG_WARN_OBJC_IMPLICIT_RETAIN_SELF = YES;
				CLANG_WARN_OBJC_LITERAL_CONVERSION = YES;
				CLANG_WARN_OBJC_ROOT_CLASS = YES_ERROR;
				CLANG_WARN_QUOTED_INCLUDE_IN_FRAMEWORK_HEADER = YES;
				CLANG_WARN_RANGE_LOOP_ANALYSIS = YES;
				CLANG_WARN_STRICT_PROTOTYPES = YES;
				CLANG_WARN_SUSPICIOUS_MOVE = YES;
				CLANG_WARN_UNGUARDED_AVAILABILITY = YES_AGGRESSIVE;
				CLANG_WARN_UNREACHABLE_CODE = YES;
				CLANG_WARN__DUPLICATE_METHOD_MATCH = YES;
				COPY_PHASE_STRIP = NO;
				DEBUG_INFORMATION_FORMAT = "dwarf-with-dsym";
				ENABLE_NS_ASSERTIONS = NO;
				ENABLE_STRICT_OBJC_MSGSEND = YES;
				ENABLE_USER_SCRIPT_SANDBOXING = YES;
				GCC_C_LANGUAGE_STANDARD = gnu17;
				GCC_NO_COMMON_BLOCKS = YES;
				GCC_WARN_64_TO_32_BIT_CONVERSION = YES;
				GCC_WARN_ABOUT_RETURN_TYPE = YES_ERROR;
				GCC_WARN_UNDECLARED_SELECTOR = YES;
				GCC_WARN_UNINITIALIZED_AUTOS = YES_AGGRESSIVE;
				GCC_WARN_UNUSED_FUNCTION = YES;
				GCC_WARN_UNUSED_VARIABLE = YES;
				IPHONEOS_DEPLOYMENT_TARGET = 14.7;
				LOCALIZATION_PREFERS_STRING_CATALOGS = YES;
				MTL_ENABLE_DEBUG_INFO = NO;
				MTL_FAST_MATH = YES;
				SDKROOT = iphoneos;
				SWIFT_COMPILATION_MODE = wholemodule;
				VALIDATE_PRODUCT = YES;
			};
			name = Release;
		};
		9A0EA58D2C5221DA005FB9C3 /* Debug */ = {
			isa = XCBuildConfiguration;
			buildSettings = {
				ASSETCATALOG_COMPILER_APPICON_NAME = AppIcon;
				ASSETCATALOG_COMPILER_GLOBAL_ACCENT_COLOR_NAME = AccentColor;
				CODE_SIGN_STYLE = Automatic;
				CURRENT_PROJECT_VERSION = 1;
				DEVELOPMENT_TEAM = 6P6327CH8U;
				GENERATE_INFOPLIST_FILE = YES;
				INFOPLIST_FILE = AnimalAtlas/Resources/Info.plist;
				INFOPLIST_KEY_UIApplicationSupportsIndirectInputEvents = YES;
				INFOPLIST_KEY_UILaunchStoryboardName = LaunchScreen;
				INFOPLIST_KEY_UISupportedInterfaceOrientations_iPad = "UIInterfaceOrientationPortrait UIInterfaceOrientationPortraitUpsideDown UIInterfaceOrientationLandscapeLeft UIInterfaceOrientationLandscapeRight";
				INFOPLIST_KEY_UISupportedInterfaceOrientations_iPhone = "UIInterfaceOrientationPortrait UIInterfaceOrientationLandscapeLeft UIInterfaceOrientationLandscapeRight";
				IPHONEOS_DEPLOYMENT_TARGET = 14.5;
				LD_RUNPATH_SEARCH_PATHS = (
					"$(inherited)",
					"@executable_path/Frameworks",
				);
				MARKETING_VERSION = 1.0;
				PRODUCT_BUNDLE_IDENTIFIER = id.biz.pramida.AnimalAtlas;
				PRODUCT_NAME = "$(TARGET_NAME)";
				SUPPORTED_PLATFORMS = "iphoneos iphonesimulator";
				SUPPORTS_MACCATALYST = NO;
				SUPPORTS_MAC_DESIGNED_FOR_IPHONE_IPAD = NO;
				SUPPORTS_XR_DESIGNED_FOR_IPHONE_IPAD = NO;
				SWIFT_EMIT_LOC_STRINGS = YES;
				SWIFT_VERSION = 5.0;
				TARGETED_DEVICE_FAMILY = 1;
			};
			name = Debug;
		};
		9A0EA58E2C5221DA005FB9C3 /* Release */ = {
			isa = XCBuildConfiguration;
			buildSettings = {
				ASSETCATALOG_COMPILER_APPICON_NAME = AppIcon;
				ASSETCATALOG_COMPILER_GLOBAL_ACCENT_COLOR_NAME = AccentColor;
				CODE_SIGN_STYLE = Automatic;
				CURRENT_PROJECT_VERSION = 1;
				DEVELOPMENT_TEAM = 6P6327CH8U;
				GENERATE_INFOPLIST_FILE = YES;
				INFOPLIST_FILE = AnimalAtlas/Resources/Info.plist;
				INFOPLIST_KEY_UIApplicationSupportsIndirectInputEvents = YES;
				INFOPLIST_KEY_UILaunchStoryboardName = LaunchScreen;
				INFOPLIST_KEY_UISupportedInterfaceOrientations_iPad = "UIInterfaceOrientationPortrait UIInterfaceOrientationPortraitUpsideDown UIInterfaceOrientationLandscapeLeft UIInterfaceOrientationLandscapeRight";
				INFOPLIST_KEY_UISupportedInterfaceOrientations_iPhone = "UIInterfaceOrientationPortrait UIInterfaceOrientationLandscapeLeft UIInterfaceOrientationLandscapeRight";
				IPHONEOS_DEPLOYMENT_TARGET = 14.5;
				LD_RUNPATH_SEARCH_PATHS = (
					"$(inherited)",
					"@executable_path/Frameworks",
				);
				MARKETING_VERSION = 1.0;
				PRODUCT_BUNDLE_IDENTIFIER = id.biz.pramida.AnimalAtlas;
				PRODUCT_NAME = "$(TARGET_NAME)";
				SUPPORTED_PLATFORMS = "iphoneos iphonesimulator";
				SUPPORTS_MACCATALYST = NO;
				SUPPORTS_MAC_DESIGNED_FOR_IPHONE_IPAD = NO;
				SUPPORTS_XR_DESIGNED_FOR_IPHONE_IPAD = NO;
				SWIFT_EMIT_LOC_STRINGS = YES;
				SWIFT_VERSION = 5.0;
				TARGETED_DEVICE_FAMILY = 1;
			};
			name = Release;
		};
		9A0EA5902C5221DA005FB9C3 /* Debug */ = {
			isa = XCBuildConfiguration;
			buildSettings = {
				ALWAYS_EMBED_SWIFT_STANDARD_LIBRARIES = YES;
				BUNDLE_LOADER = "$(TEST_HOST)";
				CODE_SIGN_STYLE = Automatic;
				CURRENT_PROJECT_VERSION = 1;
				DEVELOPMENT_TEAM = 6P6327CH8U;
				GENERATE_INFOPLIST_FILE = YES;
				IPHONEOS_DEPLOYMENT_TARGET = 17.2;
				MARKETING_VERSION = 1.0;
				PRODUCT_BUNDLE_IDENTIFIER = id.biz.pramida.AnimalAtlasTests;
				PRODUCT_NAME = "$(TARGET_NAME)";
				SWIFT_EMIT_LOC_STRINGS = NO;
				SWIFT_VERSION = 5.0;
				TARGETED_DEVICE_FAMILY = "1,2";
				TEST_HOST = "$(BUILT_PRODUCTS_DIR)/AnimalAtlas.app/$(BUNDLE_EXECUTABLE_FOLDER_PATH)/AnimalAtlas";
			};
			name = Debug;
		};
		9A0EA5912C5221DA005FB9C3 /* Release */ = {
			isa = XCBuildConfiguration;
			buildSettings = {
				ALWAYS_EMBED_SWIFT_STANDARD_LIBRARIES = YES;
				BUNDLE_LOADER = "$(TEST_HOST)";
				CODE_SIGN_STYLE = Automatic;
				CURRENT_PROJECT_VERSION = 1;
				DEVELOPMENT_TEAM = 6P6327CH8U;
				GENERATE_INFOPLIST_FILE = YES;
				IPHONEOS_DEPLOYMENT_TARGET = 17.2;
				MARKETING_VERSION = 1.0;
				PRODUCT_BUNDLE_IDENTIFIER = id.biz.pramida.AnimalAtlasTests;
				PRODUCT_NAME = "$(TARGET_NAME)";
				SWIFT_EMIT_LOC_STRINGS = NO;
				SWIFT_VERSION = 5.0;
				TARGETED_DEVICE_FAMILY = "1,2";
				TEST_HOST = "$(BUILT_PRODUCTS_DIR)/AnimalAtlas.app/$(BUNDLE_EXECUTABLE_FOLDER_PATH)/AnimalAtlas";
			};
			name = Release;
		};
		9A0EA5932C5221DA005FB9C3 /* Debug */ = {
			isa = XCBuildConfiguration;
			buildSettings = {
				ALWAYS_EMBED_SWIFT_STANDARD_LIBRARIES = YES;
				CODE_SIGN_STYLE = Automatic;
				CURRENT_PROJECT_VERSION = 1;
				DEVELOPMENT_TEAM = 6P6327CH8U;
				GENERATE_INFOPLIST_FILE = YES;
				MARKETING_VERSION = 1.0;
				PRODUCT_BUNDLE_IDENTIFIER = id.biz.pramida.AnimalAtlasUITests;
				PRODUCT_NAME = "$(TARGET_NAME)";
				SWIFT_EMIT_LOC_STRINGS = NO;
				SWIFT_VERSION = 5.0;
				TARGETED_DEVICE_FAMILY = "1,2";
				TEST_TARGET_NAME = AnimalAtlas;
			};
			name = Debug;
		};
		9A0EA5942C5221DA005FB9C3 /* Release */ = {
			isa = XCBuildConfiguration;
			buildSettings = {
				ALWAYS_EMBED_SWIFT_STANDARD_LIBRARIES = YES;
				CODE_SIGN_STYLE = Automatic;
				CURRENT_PROJECT_VERSION = 1;
				DEVELOPMENT_TEAM = 6P6327CH8U;
				GENERATE_INFOPLIST_FILE = YES;
				MARKETING_VERSION = 1.0;
				PRODUCT_BUNDLE_IDENTIFIER = id.biz.pramida.AnimalAtlasUITests;
				PRODUCT_NAME = "$(TARGET_NAME)";
				SWIFT_EMIT_LOC_STRINGS = NO;
				SWIFT_VERSION = 5.0;
				TARGETED_DEVICE_FAMILY = "1,2";
				TEST_TARGET_NAME = AnimalAtlas;
			};
			name = Release;
		};
/* End XCBuildConfiguration section */

/* Begin XCConfigurationList section */
		9A0EA55D2C5221D9005FB9C3 /* Build configuration list for PBXProject "AnimalAtlas" */ = {
			isa = XCConfigurationList;
			buildConfigurations = (
				9A0EA58A2C5221DA005FB9C3 /* Debug */,
				9A0EA58B2C5221DA005FB9C3 /* Release */,
			);
			defaultConfigurationIsVisible = 0;
			defaultConfigurationName = Release;
		};
		9A0EA58C2C5221DA005FB9C3 /* Build configuration list for PBXNativeTarget "AnimalAtlas" */ = {
			isa = XCConfigurationList;
			buildConfigurations = (
				9A0EA58D2C5221DA005FB9C3 /* Debug */,
				9A0EA58E2C5221DA005FB9C3 /* Release */,
			);
			defaultConfigurationIsVisible = 0;
			defaultConfigurationName = Release;
		};
		9A0EA58F2C5221DA005FB9C3 /* Build configuration list for PBXNativeTarget "AnimalAtlasTests" */ = {
			isa = XCConfigurationList;
			buildConfigurations = (
				9A0EA5902C5221DA005FB9C3 /* Debug */,
				9A0EA5912C5221DA005FB9C3 /* Release */,
			);
			defaultConfigurationIsVisible = 0;
			defaultConfigurationName = Release;
		};
		9A0EA5922C5221DA005FB9C3 /* Build configuration list for PBXNativeTarget "AnimalAtlasUITests" */ = {
			isa = XCConfigurationList;
			buildConfigurations = (
				9A0EA5932C5221DA005FB9C3 /* Debug */,
				9A0EA5942C5221DA005FB9C3 /* Release */,
			);
			defaultConfigurationIsVisible = 0;
			defaultConfigurationName = Release;
		};
/* End XCConfigurationList section */

/* Begin XCVersionGroup section */
		9A0EA5CF2C54F70F005FB9C3 /* AnimalAtlasCoreDataModel.xcdatamodeld */ = {
			isa = XCVersionGroup;
			children = (
				9A0EA5D02C54F70F005FB9C3 /* CoreDataModel.xcdatamodel */,
			);
			currentVersion = 9A0EA5D02C54F70F005FB9C3 /* CoreDataModel.xcdatamodel */;
			path = AnimalAtlasCoreDataModel.xcdatamodeld;
			sourceTree = "<group>";
			versionGroupType = wrapper.xcdatamodel;
		};
/* End XCVersionGroup section */
	};
	rootObject = 9A0EA55A2C5221D9005FB9C3 /* Project object */;
}
